# THIS IS AN AUTOGENERATED FILE. DO NOT EDIT THIS FILE DIRECTLY.
# yarn lockfile v1


eachr@^3.2.0:
  version "3.2.0"
  resolved "https://registry.yarnpkg.com/eachr/-/eachr-3.2.0.tgz#2c35e43ea086516f7997cf80b7aa64d55a4a4484"
  dependencies:
    editions "^1.1.1"
    typechecker "^4.3.0"

editions@^1.1.1, editions@^1.3.3, editions@^1.3.4:
  version "1.3.4"
  resolved "https://registry.yarnpkg.com/editions/-/editions-1.3.4.tgz#3662cb592347c3168eb8e498a0ff73271d67f50b"

extract-opts@^3.2.0:
  version "3.3.1"
  resolved "https://registry.yarnpkg.com/extract-opts/-/extract-opts-3.3.1.tgz#5abbedc98c0d5202e3278727f9192d7e086c6be1"
  dependencies:
    eachr "^3.2.0"
    editions "^1.1.1"
    typechecker "^4.3.0"

getmac@^1.4.0:
  version "1.4.0"
  resolved "https://registry.yarnpkg.com/getmac/-/getmac-1.4.0.tgz#9468825e1c17a77256da17e99b887428f8a1443f"
  dependencies:
    editions "^1.3.3"
    extract-opts "^3.2.0"

node-machine-id@^1.1.10:
  version "1.1.10"
  resolved "https://registry.yarnpkg.com/node-machine-id/-/node-machine-id-1.1.10.tgz#b4cb8f01b25b90d4e0675be00df30e61ee75179b"

typechecker@^4.3.0:
  version "4.5.0"
  resolved "https://registry.yarnpkg.com/typechecker/-/typechecker-4.5.0.tgz#c382920097812364bbaf4595b0ab6588244117a6"
  dependencies:
    editions "^1.3.4"
